
Microsoft Visual Studio Solution File, Format Version 12.00
# Visual Studio 15
VisualStudioVersion = 15.0.26124.0
MinimumVisualStudioVersion = 15.0.26124.0
Project("{FAE04EC0-301F-11D3-BF4B-00C04F79EFBC}") = "Domain", "Domain\Domain.csproj", "{C47281B2-6E0B-4E5C-8EEB-B4C9F7089B54}"
EndProject
Project("{FAE04EC0-301F-11D3-BF4B-00C04F79EFBC}") = "Application", "Application\Application.csproj", "{92F9CD73-C5C1-443C-8C6E-90858088D59F}"
EndProject
Project("{FAE04EC0-301F-11D3-BF4B-00C04F79EFBC}") = "Persistence", "Persistence\Persistence.csproj", "{8166C568-882D-4E28-835C-85359D7CC53D}"
EndProject
Project("{FAE04EC0-301F-11D3-BF4B-00C04F79EFBC}") = "API", "API\API.csproj", "{D95D6CD2-8AA7-40A5-AAED-0F6654D2C334}"
EndProject
Global
	GlobalSection(SolutionConfigurationPlatforms) = preSolution
		Debug|Any CPU = Debug|Any CPU
		Debug|x64 = Debug|x64
		Debug|x86 = Debug|x86
		Release|Any CPU = Release|Any CPU
		Release|x64 = Release|x64
		Release|x86 = Release|x86
	EndGlobalSection
	GlobalSection(SolutionProperties) = preSolution
		HideSolutionNode = FALSE
	EndGlobalSection
	GlobalSection(ProjectConfigurationPlatforms) = postSolution
		{C47281B2-6E0B-4E5C-8EEB-B4C9F7089B54}.Debug|Any CPU.ActiveCfg = Debug|Any CPU
		{C47281B2-6E0B-4E5C-8EEB-B4C9F7089B54}.Debug|Any CPU.Build.0 = Debug|Any CPU
		{C47281B2-6E0B-4E5C-8EEB-B4C9F7089B54}.Debug|x64.ActiveCfg = Debug|Any CPU
		{C47281B2-6E0B-4E5C-8EEB-B4C9F7089B54}.Debug|x64.Build.0 = Debug|Any CPU
		{C47281B2-6E0B-4E5C-8EEB-B4C9F7089B54}.Debug|x86.ActiveCfg = Debug|Any CPU
		{C47281B2-6E0B-4E5C-8EEB-B4C9F7089B54}.Debug|x86.Build.0 = Debug|Any CPU
		{C47281B2-6E0B-4E5C-8EEB-B4C9F7089B54}.Release|Any CPU.ActiveCfg = Release|Any CPU
		{C47281B2-6E0B-4E5C-8EEB-B4C9F7089B54}.Release|Any CPU.Build.0 = Release|Any CPU
		{C47281B2-6E0B-4E5C-8EEB-B4C9F7089B54}.Release|x64.ActiveCfg = Release|Any CPU
		{C47281B2-6E0B-4E5C-8EEB-B4C9F7089B54}.Release|x64.Build.0 = Release|Any CPU
		{C47281B2-6E0B-4E5C-8EEB-B4C9F7089B54}.Release|x86.ActiveCfg = Release|Any CPU
		{C47281B2-6E0B-4E5C-8EEB-B4C9F7089B54}.Release|x86.Build.0 = Release|Any CPU
		{92F9CD73-C5C1-443C-8C6E-90858088D59F}.Debug|Any CPU.ActiveCfg = Debug|Any CPU
		{92F9CD73-C5C1-443C-8C6E-90858088D59F}.Debug|Any CPU.Build.0 = Debug|Any CPU
		{92F9CD73-C5C1-443C-8C6E-90858088D59F}.Debug|x64.ActiveCfg = Debug|Any CPU
		{92F9CD73-C5C1-443C-8C6E-90858088D59F}.Debug|x64.Build.0 = Debug|Any CPU
		{92F9CD73-C5C1-443C-8C6E-90858088D59F}.Debug|x86.ActiveCfg = Debug|Any CPU
		{92F9CD73-C5C1-443C-8C6E-90858088D59F}.Debug|x86.Build.0 = Debug|Any CPU
		{92F9CD73-C5C1-443C-8C6E-90858088D59F}.Release|Any CPU.ActiveCfg = Release|Any CPU
		{92F9CD73-C5C1-443C-8C6E-90858088D59F}.Release|Any CPU.Build.0 = Release|Any CPU
		{92F9CD73-C5C1-443C-8C6E-90858088D59F}.Release|x64.ActiveCfg = Release|Any CPU
		{92F9CD73-C5C1-443C-8C6E-90858088D59F}.Release|x64.Build.0 = Release|Any CPU
		{92F9CD73-C5C1-443C-8C6E-90858088D59F}.Release|x86.ActiveCfg = Release|Any CPU
		{92F9CD73-C5C1-443C-8C6E-90858088D59F}.Release|x86.Build.0 = Release|Any CPU
		{8166C568-882D-4E28-835C-85359D7CC53D}.Debug|Any CPU.ActiveCfg = Debug|Any CPU
		{8166C568-882D-4E28-835C-85359D7CC53D}.Debug|Any CPU.Build.0 = Debug|Any CPU
		{8166C568-882D-4E28-835C-85359D7CC53D}.Debug|x64.ActiveCfg = Debug|Any CPU
		{8166C568-882D-4E28-835C-85359D7CC53D}.Debug|x64.Build.0 = Debug|Any CPU
		{8166C568-882D-4E28-835C-85359D7CC53D}.Debug|x86.ActiveCfg = Debug|Any CPU
		{8166C568-882D-4E28-835C-85359D7CC53D}.Debug|x86.Build.0 = Debug|Any CPU
		{8166C568-882D-4E28-835C-85359D7CC53D}.Release|Any CPU.ActiveCfg = Release|Any CPU
		{8166C568-882D-4E28-835C-85359D7CC53D}.Release|Any CPU.Build.0 = Release|Any CPU
		{8166C568-882D-4E28-835C-85359D7CC53D}.Release|x64.ActiveCfg = Release|Any CPU
		{8166C568-882D-4E28-835C-85359D7CC53D}.Release|x64.Build.0 = Release|Any CPU
		{8166C568-882D-4E28-835C-85359D7CC53D}.Release|x86.ActiveCfg = Release|Any CPU
		{8166C568-882D-4E28-835C-85359D7CC53D}.Release|x86.Build.0 = Release|Any CPU
		{D95D6CD2-8AA7-40A5-AAED-0F6654D2C334}.Debug|Any CPU.ActiveCfg = Debug|Any CPU
		{D95D6CD2-8AA7-40A5-AAED-0F6654D2C334}.Debug|Any CPU.Build.0 = Debug|Any CPU
		{D95D6CD2-8AA7-40A5-AAED-0F6654D2C334}.Debug|x64.ActiveCfg = Debug|Any CPU
		{D95D6CD2-8AA7-40A5-AAED-0F6654D2C334}.Debug|x64.Build.0 = Debug|Any CPU
		{D95D6CD2-8AA7-40A5-AAED-0F6654D2C334}.Debug|x86.ActiveCfg = Debug|Any CPU
		{D95D6CD2-8AA7-40A5-AAED-0F6654D2C334}.Debug|x86.Build.0 = Debug|Any CPU
		{D95D6CD2-8AA7-40A5-AAED-0F6654D2C334}.Release|Any CPU.ActiveCfg = Release|Any CPU
		{D95D6CD2-8AA7-40A5-AAED-0F6654D2C334}.Release|Any CPU.Build.0 = Release|Any CPU
		{D95D6CD2-8AA7-40A5-AAED-0F6654D2C334}.Release|x64.ActiveCfg = Release|Any CPU
		{D95D6CD2-8AA7-40A5-AAED-0F6654D2C334}.Release|x64.Build.0 = Release|Any CPU
		{D95D6CD2-8AA7-40A5-AAED-0F6654D2C334}.Release|x86.ActiveCfg = Release|Any CPU
		{D95D6CD2-8AA7-40A5-AAED-0F6654D2C334}.Release|x86.Build.0 = Release|Any CPU
	EndGlobalSection
EndGlobal
